# This file is autogenerated, do not edit; changes may be undone by the next 'dep ensure'.


[[projects]]
  name = "github.com/cyverse-de/configurate"
  packages = ["."]
  revision = "7cb335597f9b972d380a6787a95b34f4a4705d5d"

[[projects]]
  branch = "master"
  name = "github.com/cyverse-de/logcabin"
  packages = ["."]
  revision = "5cd4eb61491ec0003072bcdbdc4f4733e3f37b28"

[[projects]]
  name = "github.com/cyverse-de/model"
  packages = ["submitfile"]
  revision = "bf8453314372d00979c0cdf7da069515acdbb6be"
  version = "v1"

[[projects]]
  branch = "master"
  name = "github.com/cyverse-de/version"
  packages = ["."]
  revision = "4ba7220a66d3d7aaf3211698928778c5d36f46f8"

[[projects]]
  name = "github.com/fsnotify/fsnotify"
  packages = ["."]
  revision = "4da3e2cfbabc9f751898f250b49f2439785783a1"

[[projects]]
  name = "github.com/hashicorp/hcl"
  packages = [
    ".",
    "hcl/ast",
    "hcl/parser",
    "hcl/scanner",
    "hcl/strconv",
    "hcl/token",
    "json/parser",
    "json/scanner",
    "json/token"
  ]
  revision = "392dba7d905ed5d04a5794ba89f558b27e2ba1ca"

[[projects]]
  name = "github.com/kr/pty"
  packages = ["."]
  revision = "2c10821df3c3cf905230d078702dfbe9404c9b23"
  version = "v1.0.0"

[[projects]]
  name = "github.com/magiconair/properties"
  packages = ["."]
  revision = "51463bfca2576e06c62a8504b5c0f06d61312647"

[[projects]]
  name = "github.com/mitchellh/mapstructure"
  packages = ["."]
  revision = "cc8532a8e9a55ea36402aa21efdf403a60d34096"

[[projects]]
  name = "github.com/pelletier/go-buffruneio"
  packages = ["."]
  revision = "c37440a7cf42ac63b919c752ca73a85067e05992"
  version = "v0.2.0"

[[projects]]
  name = "github.com/pelletier/go-toml"
  packages = ["."]
  revision = "685a1f1cb7a66b9cadbe8f1ac49d9f8f567d6a9d"

[[projects]]
  name = "github.com/pkg/errors"
  packages = ["."]
  revision = "c605e284fe17294bda444b34710735b29d1a9d90"

[[projects]]
  name = "github.com/sirupsen/logrus"
  packages = ["."]
  revision = "9f91ab2ef97544cdca176a1fb9165f2cf6fd709b"

[[projects]]
  name = "github.com/spf13/afero"
  packages = [
    ".",
    "mem"
  ]
  revision = "9be650865eab0c12963d8753212f4f9c66cdcf12"

[[projects]]
  name = "github.com/spf13/cast"
  packages = ["."]
  revision = "acbeb36b902d72a7a4c18e8f3241075e7ab763e4"
  version = "v1.1.0"

[[projects]]
  name = "github.com/spf13/jwalterweatherman"
  packages = ["."]
  revision = "8f07c835e5cc1450c082fe3a439cf87b0cbb2d99"

[[projects]]
  name = "github.com/spf13/pflag"
  packages = ["."]
  revision = "e57e3eeb33f795204c1ca35f56c44f83227c6e66"
  version = "v1.0.0"

[[projects]]
  name = "github.com/spf13/viper"
  packages = ["."]
  revision = "0967fc9aceab2ce9da34061253ac10fb99bba5b2"

[[projects]]
  name = "github.com/streadway/amqp"
  packages = ["."]
  revision = "1c63b162b69cf6834e0b30e496c4cd5d6ee2a1d1"

[[projects]]
  name = "golang.org/x/crypto"
  packages = ["ssh/terminal"]
  revision = "122d919ec1efcfb58483215da23f815853e24b81"

[[projects]]
  name = "golang.org/x/sys"
  packages = ["unix"]
  revision = "9ccfe848b9db8435a24c424abbc07a921adf1df5"

[[projects]]
  name = "golang.org/x/text"
  packages = [
    "internal/gen",
    "internal/triegen",
    "internal/ucd",
    "transform",
    "unicode/cldr",
    "unicode/norm"
  ]
  revision = "19e51611da83d6be54ddafce4a4af510cb3e9ea4"

[[projects]]
  name = "gopkg.in/cyverse-de/messaging.v4"
  packages = ["."]
  revision = "bef7609a2fe6e9418eeb36906929abee2298cf93"
  version = "v4"

[[projects]]
  name = "gopkg.in/cyverse-de/model.v2"
  packages = ["."]
  revision = "b6fae6c0f89c0d1ee641eef0016db8d54ee3ca7a"
  version = "v2.11"

[[projects]]
  branch = "v2"
  name = "gopkg.in/yaml.v2"
  packages = ["."]
  revision = "cd8b52f8269e0feb286dfeef29f8fe4d5b397e0b"

[solve-meta]
  analyzer-name = "dep"
  analyzer-version = 1
  inputs-digest = "2b05889b3fed964ecd0fb2a0ca83eaa57440356066a39d7f82990cba2e92c9b6"
  solver-name = "gps-cdcl"
  solver-version = 1
